{
  "name": "ngx-mask-date",
  "version": "0.0.1",
  "lockfileVersion": 1,
  "requires": true,
  "dependencies": {
    "ngx-mask": {
      "version": "12.0.0",
      "resolved": "https://registry.npmjs.org/ngx-mask/-/ngx-mask-12.0.0.tgz",
      "integrity": "sha512-q4vUjhjJfg4faRud/tUdCTOs3JA6B+rBB2OPZ2xBZy4LNTRKGfUK683LrDCitMVBezjEAVrkQdUT1I4C7LXBZQ==",
      "requires": {
        "tslib": "^2.1.0"
      },
      "dependencies": {
        "tslib": {
          "version": "2.3.1",
          "resolved": "https://registry.npmjs.org/tslib/-/tslib-2.3.1.tgz",
          "integrity": "sha512-77EbyPPpMz+FRFRuAFlWMtmgUWGe9UOG2Z25NqCwiIjRhOf5iKGuzSe5P2w1laq+FkRy4p+PCuVkJSGkzTEKVw=="
        }
      }
    }
  }
}
